# THIS IS AN AUTOGENERATED FILE. DO NOT EDIT THIS FILE DIRECTLY.
# yarn lockfile v1


"chainsaw@>=0.0.7 <0.1":
  version "0.0.9"
  resolved "https://registry.yarnpkg.com/chainsaw/-/chainsaw-0.0.9.tgz#11a05102d1c4c785b6d0415d336d5a3a1612913e"
  integrity sha1-EaBRAtHEx4W20EFdM21aOhYSkT4=
  dependencies:
    traverse ">=0.3.0 <0.4"

"hashish@>=0.0.2 <0.1":
  version "0.0.4"
  resolved "https://registry.yarnpkg.com/hashish/-/hashish-0.0.4.tgz#6d60bc6ffaf711b6afd60e426d077988014e6554"
  integrity sha1-bWC8b/r3Ebav1g5CbQd5iAFOZVQ=
  dependencies:
    traverse ">=0.2.4"

markdown-it-abbr@^1.0.4:
  version "1.0.4"
  resolved "https://registry.yarnpkg.com/markdown-it-abbr/-/markdown-it-abbr-1.0.4.tgz#d66b5364521cbb3dd8aa59dadfba2fb6865c8fd8"
  integrity sha1-1mtTZFIcuz3Yqlna37ovtoZcj9g=

markdown-it-container@^2.0.0:
  version "2.0.0"
  resolved "https://registry.yarnpkg.com/markdown-it-container/-/markdown-it-container-2.0.0.tgz#0019b43fd02eefece2f1960a2895fba81a404695"
  integrity sha1-ABm0P9Au7+zi8ZYKKJX7qBpARpU=

markdown-it-deflist@^2.0.3:
  version "2.0.3"
  resolved "https://registry.yarnpkg.com/markdown-it-deflist/-/markdown-it-deflist-2.0.3.tgz#5727db04184d3cb2bc6ee4a9641e3a1091d5fd6f"
  integrity sha512-/BNZ8ksW42bflm1qQLnRI09oqU2847Z7MVavrR0MORyKLtiUYOMpwtlAfMSZAQU9UCvaUZMpgVAqoS3vpToJxw==

markdown-it-emoji@^1.4.0:
  version "1.4.0"
  resolved "https://registry.yarnpkg.com/markdown-it-emoji/-/markdown-it-emoji-1.4.0.tgz#9bee0e9a990a963ba96df6980c4fddb05dfb4dcc"
  integrity sha1-m+4OmpkKljupbfaYDE/dsF37Tcw=

markdown-it-footnote@^3.0.2:
  version "3.0.2"
  resolved "https://registry.yarnpkg.com/markdown-it-footnote/-/markdown-it-footnote-3.0.2.tgz#1575ee7a093648d4e096aa33386b058d92ac8bc1"
  integrity sha512-JVW6fCmZWjvMdDQSbOT3nnOQtd9iAXmw7hTSh26+v42BnvXeVyGMDBm5b/EZocMed2MbCAHiTX632vY0FyGB8A==

markdown-it-ins@^3.0.0:
  version "3.0.0"
  resolved "https://registry.yarnpkg.com/markdown-it-ins/-/markdown-it-ins-3.0.0.tgz#b1b56824c78dc66e52b0fc97531b317cd78d79d2"
  integrity sha512-+vyAdBuMGwmT2yMlAFJSx2VR/0QZ1onQ/Mkkmr4l9tDFOh5sVoAgRbkgbuSsk+sxJ9vaMH/IQ323ydfvQrPO/Q==

markdown-it-mark@^3.0.0:
  version "3.0.0"
  resolved "https://registry.yarnpkg.com/markdown-it-mark/-/markdown-it-mark-3.0.0.tgz#27c3e39ef3cc310b2dde5375082c9fa912983cda"
  integrity sha512-HqMWeKfMMOu4zBO0emmxsoMWmbf2cPKZY1wP6FsTbKmicFfp5y4L3KXAsNeO1rM6NTJVOrNlLKMPjWzriBGspw==

markdown-it-sub@^1.0.0:
  version "1.0.0"
  resolved "https://registry.yarnpkg.com/markdown-it-sub/-/markdown-it-sub-1.0.0.tgz#375fd6026eae7ddcb012497f6411195ea1e3afe8"
  integrity sha1-N1/WAm6ufdywEkl/ZBEZXqHjr+g=

markdown-it-sup@^1.0.0:
  version "1.0.0"
  resolved "https://registry.yarnpkg.com/markdown-it-sup/-/markdown-it-sup-1.0.0.tgz#cb9c9ff91a5255ac08f3fd3d63286e15df0a1fc3"
  integrity sha1-y5yf+RpSVawI8/09YyhuFd8KH8M=

remove@^0.1.5:
  version "0.1.5"
  resolved "https://registry.yarnpkg.com/remove/-/remove-0.1.5.tgz#095ffd827d65c9f41ad97d33e416a75811079955"
  integrity sha1-CV/9gn1lyfQa2X0z5BanWBEHmVU=
  dependencies:
    seq ">= 0.3.5"

"seq@>= 0.3.5":
  version "0.3.5"
  resolved "https://registry.yarnpkg.com/seq/-/seq-0.3.5.tgz#ae02af3a424793d8ccbf212d69174e0c54dffe38"
  integrity sha1-rgKvOkJHk9jMvyEtaRdODFTf/jg=
  dependencies:
    chainsaw ">=0.0.7 <0.1"
    hashish ">=0.0.2 <0.1"

traverse@>=0.2.4:
  version "0.6.6"
  resolved "https://registry.yarnpkg.com/traverse/-/traverse-0.6.6.tgz#cbdf560fd7b9af632502fed40f918c157ea97137"
  integrity sha1-y99WD9e5r2MlAv7UD5GMFX6pcTc=

"traverse@>=0.3.0 <0.4":
  version "0.3.9"
  resolved "https://registry.yarnpkg.com/traverse/-/traverse-0.3.9.tgz#717b8f220cc0bb7b44e40514c22b2e8bbc70d8b9"
  integrity sha1-cXuPIgzAu3tE5AUUwisui7xw2Lk=
